<Solution>
  <Folder Name="/backend/">
    <Project Path="backend/Dostar.Api/Dostar.Api.csproj" />
    <Project Path="backend/Dostar.SharedKernel.UnitTests/Dostar.SharedKernel.UnitTests.csproj" />
    <Project Path="backend/Dostar.SharedKernel/Dostar.SharedKernel.csproj" />
    <Project Path="backend/Modules/Todos/Dostar.Todos.Contracts/Dostar.Todos.Contracts.csproj" />
    <Project Path="backend/Modules/Todos/Dostar.Todos.Implementation/Dostar.Todos.Implementation.csproj" />
    <Project Path="backend/Modules/Todos/Dostar.Todos.IntegrationTests/Dostar.Todos.IntegrationTests.csproj" />
    <Project Path="backend/Modules/Todos/Dostar.Todos.UnitTests/Dostar.Todos.UnitTests.csproj" />
  </Folder>
</Solution>
